// !$*UTF8*$!
{
	archiveVersion = 1;
	classes = {
	};
	objectVersion = 51;
	objects = {

/* Begin PBXBuildFile section */
		3A9D773523E51E1F0073FB69 /* AppDelegate.swift in Sources */ = {isa = PBXBuildFile; fileRef = 3A9D773423E51E1F0073FB69 /* AppDelegate.swift */; };
		3A9D773723E51E1F0073FB69 /* SceneDelegate.swift in Sources */ = {isa = PBXBuildFile; fileRef = 3A9D773623E51E1F0073FB69 /* SceneDelegate.swift */; };
		3A9D773C23E51E1F0073FB69 /* Main.storyboard in Resources */ = {isa = PBXBuildFile; fileRef = 3A9D773A23E51E1F0073FB69 /* Main.storyboard */; };
		3A9D773E23E51E260073FB69 /* Assets.xcassets in Resources */ = {isa = PBXBuildFile; fileRef = 3A9D773D23E51E260073FB69 /* Assets.xcassets */; };
		3A9D774123E51E260073FB69 /* LaunchScreen.storyboard in Resources */ = {isa = PBXBuildFile; fileRef = 3A9D773F23E51E260073FB69 /* LaunchScreen.storyboard */; };
		3A9D774C23E54FBC0073FB69 /* RegisterViewController.swift in Sources */ = {isa = PBXBuildFile; fileRef = 3A9D774B23E54FBC0073FB69 /* RegisterViewController.swift */; };
		3A9D775023E5524C0073FB69 /* ProfileData.swift in Sources */ = {isa = PBXBuildFile; fileRef = 3A9D774F23E5524C0073FB69 /* ProfileData.swift */; };
		3A9D775223E558DC0073FB69 /* GoogleService-Info.plist in Resources */ = {isa = PBXBuildFile; fileRef = 3A9D775123E558DC0073FB69 /* GoogleService-Info.plist */; };
		3A9D775423E568740073FB69 /* Alert.swift in Sources */ = {isa = PBXBuildFile; fileRef = 3A9D775323E568740073FB69 /* Alert.swift */; };
		3A9D775623E596190073FB69 /* SearchViewController.swift in Sources */ = {isa = PBXBuildFile; fileRef = 3A9D775523E596190073FB69 /* SearchViewController.swift */; };
		3A9D775823E6DB880073FB69 /* YoutubeData.swift in Sources */ = {isa = PBXBuildFile; fileRef = 3A9D775723E6DB880073FB69 /* YoutubeData.swift */; };
		3A9D775A23E6E7C60073FB69 /* SelectViewController.swift in Sources */ = {isa = PBXBuildFile; fileRef = 3A9D775923E6E7C60073FB69 /* SelectViewController.swift */; };
		3A9D775D23E710550073FB69 /* CustomCell.swift in Sources */ = {isa = PBXBuildFile; fileRef = 3A9D775B23E710550073FB69 /* CustomCell.swift */; };
		3A9D775E23E710550073FB69 /* CustomCell.xib in Resources */ = {isa = PBXBuildFile; fileRef = 3A9D775C23E710550073FB69 /* CustomCell.xib */; };
		3A9D776023E805730073FB69 /* FavViewController.swift in Sources */ = {isa = PBXBuildFile; fileRef = 3A9D775F23E805730073FB69 /* FavViewController.swift */; };
		3A9D776223E851130073FB69 /* WebViewController.swift in Sources */ = {isa = PBXBuildFile; fileRef = 3A9D776123E851120073FB69 /* WebViewController.swift */; };
		3A9D776423E990400073FB69 /* UsersViewController.swift in Sources */ = {isa = PBXBuildFile; fileRef = 3A9D776323E9903F0073FB69 /* UsersViewController.swift */; };
		3A9D776623E9919A0073FB69 /* GetUserData.swift in Sources */ = {isa = PBXBuildFile; fileRef = 3A9D776523E9919A0073FB69 /* GetUserData.swift */; };
		3A9D776823E99A940073FB69 /* UserListViewController.swift in Sources */ = {isa = PBXBuildFile; fileRef = 3A9D776723E99A940073FB69 /* UserListViewController.swift */; };
		9A6CD64D01B183234414C956 /* Pods_CatchUpContents.framework in Frameworks */ = {isa = PBXBuildFile; fileRef = 804334078C91C35AFFEC78AE /* Pods_CatchUpContents.framework */; };
/* End PBXBuildFile section */

/* Begin PBXFileReference section */
		12E87C71AE9053663A9C0D8E /* Pods-CatchUpContents.debug.xcconfig */ = {isa = PBXFileReference; includeInIndex = 1; lastKnownFileType = text.xcconfig; name = "Pods-CatchUpContents.debug.xcconfig"; path = "Target Support Files/Pods-CatchUpContents/Pods-CatchUpContents.debug.xcconfig"; sourceTree = "<group>"; };
		3A9D773123E51E1F0073FB69 /* CatchUpContents.app */ = {isa = PBXFileReference; explicitFileType = wrapper.application; includeInIndex = 0; path = CatchUpContents.app; sourceTree = BUILT_PRODUCTS_DIR; };
		3A9D773423E51E1F0073FB69 /* AppDelegate.swift */ = {isa = PBXFileReference; lastKnownFileType = sourcecode.swift; path = AppDelegate.swift; sourceTree = "<group>"; };
		3A9D773623E51E1F0073FB69 /* SceneDelegate.swift */ = {isa = PBXFileReference; lastKnownFileType = sourcecode.swift; path = SceneDelegate.swift; sourceTree = "<group>"; };
		3A9D773B23E51E1F0073FB69 /* Base */ = {isa = PBXFileReference; lastKnownFileType = file.storyboard; name = Base; path = Base.lproj/Main.storyboard; sourceTree = "<group>"; };
		3A9D773D23E51E260073FB69 /* Assets.xcassets */ = {isa = PBXFileReference; lastKnownFileType = folder.assetcatalog; path = Assets.xcassets; sourceTree = "<group>"; };
		3A9D774023E51E260073FB69 /* Base */ = {isa = PBXFileReference; lastKnownFileType = file.storyboard; name = Base; path = Base.lproj/LaunchScreen.storyboard; sourceTree = "<group>"; };
		3A9D774223E51E260073FB69 /* Info.plist */ = {isa = PBXFileReference; lastKnownFileType = text.plist.xml; path = Info.plist; sourceTree = "<group>"; };
		3A9D774B23E54FBC0073FB69 /* RegisterViewController.swift */ = {isa = PBXFileReference; lastKnownFileType = sourcecode.swift; path = RegisterViewController.swift; sourceTree = "<group>"; };
		3A9D774F23E5524C0073FB69 /* ProfileData.swift */ = {isa = PBXFileReference; lastKnownFileType = sourcecode.swift; path = ProfileData.swift; sourceTree = "<group>"; };
		3A9D775123E558DC0073FB69 /* GoogleService-Info.plist */ = {isa = PBXFileReference; fileEncoding = 4; lastKnownFileType = text.plist.xml; path = "GoogleService-Info.plist"; sourceTree = "<group>"; };
		3A9D775323E568740073FB69 /* Alert.swift */ = {isa = PBXFileReference; lastKnownFileType = sourcecode.swift; path = Alert.swift; sourceTree = "<group>"; };
		3A9D775523E596190073FB69 /* SearchViewController.swift */ = {isa = PBXFileReference; lastKnownFileType = sourcecode.swift; path = SearchViewController.swift; sourceTree = "<group>"; };
		3A9D775723E6DB880073FB69 /* YoutubeData.swift */ = {isa = PBXFileReference; lastKnownFileType = sourcecode.swift; path = YoutubeData.swift; sourceTree = "<group>"; };
		3A9D775923E6E7C60073FB69 /* SelectViewController.swift */ = {isa = PBXFileReference; lastKnownFileType = sourcecode.swift; path = SelectViewController.swift; sourceTree = "<group>"; };
		3A9D775B23E710550073FB69 /* CustomCell.swift */ = {isa = PBXFileReference; lastKnownFileType = sourcecode.swift; path = CustomCell.swift; sourceTree = "<group>"; };
		3A9D775C23E710550073FB69 /* CustomCell.xib */ = {isa = PBXFileReference; lastKnownFileType = file.xib; path = CustomCell.xib; sourceTree = "<group>"; };
		3A9D775F23E805730073FB69 /* FavViewController.swift */ = {isa = PBXFileReference; lastKnownFileType = sourcecode.swift; path = FavViewController.swift; sourceTree = "<group>"; };
		3A9D776123E851120073FB69 /* WebViewController.swift */ = {isa = PBXFileReference; lastKnownFileType = sourcecode.swift; path = WebViewController.swift; sourceTree = "<group>"; };
		3A9D776323E9903F0073FB69 /* UsersViewController.swift */ = {isa = PBXFileReference; lastKnownFileType = sourcecode.swift; path = UsersViewController.swift; sourceTree = "<group>"; };
		3A9D776523E9919A0073FB69 /* GetUserData.swift */ = {isa = PBXFileReference; lastKnownFileType = sourcecode.swift; path = GetUserData.swift; sourceTree = "<group>"; };
		3A9D776723E99A940073FB69 /* UserListViewController.swift */ = {isa = PBXFileReference; lastKnownFileType = sourcecode.swift; path = UserListViewController.swift; sourceTree = "<group>"; };
		6639225C81B3225A7C52D302 /* Pods-CatchUpContents.release.xcconfig */ = {isa = PBXFileReference; includeInIndex = 1; lastKnownFileType = text.xcconfig; name = "Pods-CatchUpContents.release.xcconfig"; path = "Target Support Files/Pods-CatchUpContents/Pods-CatchUpContents.release.xcconfig"; sourceTree = "<group>"; };
		804334078C91C35AFFEC78AE /* Pods_CatchUpContents.framework */ = {isa = PBXFileReference; explicitFileType = wrapper.framework; includeInIndex = 0; path = Pods_CatchUpContents.framework; sourceTree = BUILT_PRODUCTS_DIR; };
/* End PBXFileReference section */

/* Begin PBXFrameworksBuildPhase section */
		3A9D772E23E51E1F0073FB69 /* Frameworks */ = {
			isa = PBXFrameworksBuildPhase;
			buildActionMask = 2147483647;
			files = (
				9A6CD64D01B183234414C956 /* Pods_CatchUpContents.framework in Frameworks */,
			);
			runOnlyForDeploymentPostprocessing = 0;
		};
/* End PBXFrameworksBuildPhase section */

/* Begin PBXGroup section */
		3A9D772823E51E1E0073FB69 = {
			isa = PBXGroup;
			children = (
				3A9D773323E51E1F0073FB69 /* CatchUpContents */,
				3A9D773223E51E1F0073FB69 /* Products */,
				D4256869C3B7F3AD5C8FD9B3 /* Pods */,
				D1222E8FD19E525A139D337E /* Frameworks */,
			);
			sourceTree = "<group>";
		};
		3A9D773223E51E1F0073FB69 /* Products */ = {
			isa = PBXGroup;
			children = (
				3A9D773123E51E1F0073FB69 /* CatchUpContents.app */,
			);
			name = Products;
			sourceTree = "<group>";
		};
		3A9D773323E51E1F0073FB69 /* CatchUpContents */ = {
			isa = PBXGroup;
			children = (
				3A9D774A23E548B90073FB69 /* Model */,
				3A9D774923E548B10073FB69 /* View */,
				3A9D774823E548A30073FB69 /* Controller */,
				3A9D775123E558DC0073FB69 /* GoogleService-Info.plist */,
				3A9D774223E51E260073FB69 /* Info.plist */,
			);
			path = CatchUpContents;
			sourceTree = "<group>";
		};
		3A9D774823E548A30073FB69 /* Controller */ = {
			isa = PBXGroup;
			children = (
				3A9D773423E51E1F0073FB69 /* AppDelegate.swift */,
				3A9D773623E51E1F0073FB69 /* SceneDelegate.swift */,
				3A9D774B23E54FBC0073FB69 /* RegisterViewController.swift */,
				3A9D775523E596190073FB69 /* SearchViewController.swift */,
				3A9D775923E6E7C60073FB69 /* SelectViewController.swift */,
				3A9D775F23E805730073FB69 /* FavViewController.swift */,
				3A9D776123E851120073FB69 /* WebViewController.swift */,
				3A9D776323E9903F0073FB69 /* UsersViewController.swift */,
				3A9D776723E99A940073FB69 /* UserListViewController.swift */,
			);
			path = Controller;
			sourceTree = "<group>";
		};
		3A9D774923E548B10073FB69 /* View */ = {
			isa = PBXGroup;
			children = (
				3A9D773A23E51E1F0073FB69 /* Main.storyboard */,
				3A9D773D23E51E260073FB69 /* Assets.xcassets */,
				3A9D773F23E51E260073FB69 /* LaunchScreen.storyboard */,
				3A9D775B23E710550073FB69 /* CustomCell.swift */,
				3A9D775C23E710550073FB69 /* CustomCell.xib */,
			);
			path = View;
			sourceTree = "<group>";
		};
		3A9D774A23E548B90073FB69 /* Model */ = {
			isa = PBXGroup;
			children = (
				3A9D774F23E5524C0073FB69 /* ProfileData.swift */,
				3A9D775323E568740073FB69 /* Alert.swift */,
				3A9D775723E6DB880073FB69 /* YoutubeData.swift */,
				3A9D776523E9919A0073FB69 /* GetUserData.swift */,
			);
			path = Model;
			sourceTree = "<group>";
		};
		D1222E8FD19E525A139D337E /* Frameworks */ = {
			isa = PBXGroup;
			children = (
				804334078C91C35AFFEC78AE /* Pods_CatchUpContents.framework */,
			);
			name = Frameworks;
			sourceTree = "<group>";
		};
		D4256869C3B7F3AD5C8FD9B3 /* Pods */ = {
			isa = PBXGroup;
			children = (
				12E87C71AE9053663A9C0D8E /* Pods-CatchUpContents.debug.xcconfig */,
				6639225C81B3225A7C52D302 /* Pods-CatchUpContents.release.xcconfig */,
			);
			path = Pods;
			sourceTree = "<group>";
		};
/* End PBXGroup section */

/* Begin PBXNativeTarget section */
		3A9D773023E51E1F0073FB69 /* CatchUpContents */ = {
			isa = PBXNativeTarget;
			buildConfigurationList = 3A9D774523E51E260073FB69 /* Build configuration list for PBXNativeTarget "CatchUpContents" */;
			buildPhases = (
				ACCC47BCAD92C20B37EB2CBF /* [CP] Check Pods Manifest.lock */,
				3A9D772D23E51E1F0073FB69 /* Sources */,
				3A9D772E23E51E1F0073FB69 /* Frameworks */,
				3A9D772F23E51E1F0073FB69 /* Resources */,
				48364ACB453A1AD4EA3CD79B /* [CP] Embed Pods Frameworks */,
				F7A811D09CB8C753F86B15A7 /* [CP] Copy Pods Resources */,
			);
			buildRules = (
			);
			dependencies = (
			);
			name = CatchUpContents;
			productName = CatchUpContents;
			productReference = 3A9D773123E51E1F0073FB69 /* CatchUpContents.app */;
			productType = "com.apple.product-type.application";
		};
/* End PBXNativeTarget section */

/* Begin PBXProject section */
		3A9D772923E51E1E0073FB69 /* Project object */ = {
			isa = PBXProject;
			attributes = {
				LastSwiftUpdateCheck = 1130;
				LastUpgradeCheck = 1130;
				ORGANIZATIONNAME = "山崎喜代志";
				TargetAttributes = {
					3A9D773023E51E1F0073FB69 = {
						CreatedOnToolsVersion = 11.3;
					};
				};
			};
			buildConfigurationList = 3A9D772C23E51E1E0073FB69 /* Build configuration list for PBXProject "CatchUpContents" */;
			compatibilityVersion = "Xcode 9.3";
			developmentRegion = en;
			hasScannedForEncodings = 0;
			knownRegions = (
				en,
				Base,
			);
			mainGroup = 3A9D772823E51E1E0073FB69;
			productRefGroup = 3A9D773223E51E1F0073FB69 /* Products */;
			projectDirPath = "";
			projectRoot = "";
			targets = (
				3A9D773023E51E1F0073FB69 /* CatchUpContents */,
			);
		};
/* End PBXProject section */

/* Begin PBXResourcesBuildPhase section */
		3A9D772F23E51E1F0073FB69 /* Resources */ = {
			isa = PBXResourcesBuildPhase;
			buildActionMask = 2147483647;
			files = (
				3A9D775E23E710550073FB69 /* CustomCell.xib in Resources */,
				3A9D774123E51E260073FB69 /* LaunchScreen.storyboard in Resources */,
				3A9D773E23E51E260073FB69 /* Assets.xcassets in Resources */,
				3A9D775223E558DC0073FB69 /* GoogleService-Info.plist in Resources */,
				3A9D773C23E51E1F0073FB69 /* Main.storyboard in Resources */,
			);
			runOnlyForDeploymentPostprocessing = 0;
		};
/* End PBXResourcesBuildPhase section */

/* Begin PBXShellScriptBuildPhase section */
		48364ACB453A1AD4EA3CD79B /* [CP] Embed Pods Frameworks */ = {
			isa = PBXShellScriptBuildPhase;
			buildActionMask = 2147483647;
			files = (
			);
			inputFileListPaths = (
				"${PODS_ROOT}/Target Support Files/Pods-CatchUpContents/Pods-CatchUpContents-frameworks-${CONFIGURATION}-input-files.xcfilelist",
			);
			name = "[CP] Embed Pods Frameworks";
			outputFileListPaths = (
				"${PODS_ROOT}/Target Support Files/Pods-CatchUpContents/Pods-CatchUpContents-frameworks-${CONFIGURATION}-output-files.xcfilelist",
			);
			runOnlyForDeploymentPostprocessing = 0;
			shellPath = /bin/sh;
			shellScript = "\"${PODS_ROOT}/Target Support Files/Pods-CatchUpContents/Pods-CatchUpContents-frameworks.sh\"\n";
			showEnvVarsInLog = 0;
		};
		ACCC47BCAD92C20B37EB2CBF /* [CP] Check Pods Manifest.lock */ = {
			isa = PBXShellScriptBuildPhase;
			buildActionMask = 2147483647;
			files = (
			);
			inputFileListPaths = (
			);
			inputPaths = (
				"${PODS_PODFILE_DIR_PATH}/Podfile.lock",
				"${PODS_ROOT}/Manifest.lock",
			);
			name = "[CP] Check Pods Manifest.lock";
			outputFileListPaths = (
			);
			outputPaths = (
				"$(DERIVED_FILE_DIR)/Pods-CatchUpContents-checkManifestLockResult.txt",
			);
			runOnlyForDeploymentPostprocessing = 0;
			shellPath = /bin/sh;
			shellScript = "diff \"${PODS_PODFILE_DIR_PATH}/Podfile.lock\" \"${PODS_ROOT}/Manifest.lock\" > /dev/null\nif [ $? != 0 ] ; then\n    # print error to STDERR\n    echo \"error: The sandbox is not in sync with the Podfile.lock. Run 'pod install' or update your CocoaPods installation.\" >&2\n    exit 1\nfi\n# This output is used by Xcode 'outputs' to avoid re-running this script phase.\necho \"SUCCESS\" > \"${SCRIPT_OUTPUT_FILE_0}\"\n";
			showEnvVarsInLog = 0;
		};
		F7A811D09CB8C753F86B15A7 /* [CP] Copy Pods Resources */ = {
			isa = PBXShellScriptBuildPhase;
			buildActionMask = 2147483647;
			files = (
			);
			inputFileListPaths = (
				"${PODS_ROOT}/Target Support Files/Pods-CatchUpContents/Pods-CatchUpContents-resources-${CONFIGURATION}-input-files.xcfilelist",
			);
			name = "[CP] Copy Pods Resources";
			outputFileListPaths = (
				"${PODS_ROOT}/Target Support Files/Pods-CatchUpContents/Pods-CatchUpContents-resources-${CONFIGURATION}-output-files.xcfilelist",
			);
			runOnlyForDeploymentPostprocessing = 0;
			shellPath = /bin/sh;
			shellScript = "\"${PODS_ROOT}/Target Support Files/Pods-CatchUpContents/Pods-CatchUpContents-resources.sh\"\n";
			showEnvVarsInLog = 0;
		};
/* End PBXShellScriptBuildPhase section */

/* Begin PBXSourcesBuildPhase section */
		3A9D772D23E51E1F0073FB69 /* Sources */ = {
			isa = PBXSourcesBuildPhase;
			buildActionMask = 2147483647;
			files = (
				3A9D775623E596190073FB69 /* SearchViewController.swift in Sources */,
				3A9D776423E990400073FB69 /* UsersViewController.swift in Sources */,
				3A9D776223E851130073FB69 /* WebViewController.swift in Sources */,
				3A9D775423E568740073FB69 /* Alert.swift in Sources */,
				3A9D774C23E54FBC0073FB69 /* RegisterViewController.swift in Sources */,
				3A9D773523E51E1F0073FB69 /* AppDelegate.swift in Sources */,
				3A9D775D23E710550073FB69 /* CustomCell.swift in Sources */,
				3A9D776823E99A940073FB69 /* UserListViewController.swift in Sources */,
				3A9D776623E9919A0073FB69 /* GetUserData.swift in Sources */,
				3A9D775A23E6E7C60073FB69 /* SelectViewController.swift in Sources */,
				3A9D775823E6DB880073FB69 /* YoutubeData.swift in Sources */,
				3A9D775023E5524C0073FB69 /* ProfileData.swift in Sources */,
				3A9D776023E805730073FB69 /* FavViewController.swift in Sources */,
				3A9D773723E51E1F0073FB69 /* SceneDelegate.swift in Sources */,
			);
			runOnlyForDeploymentPostprocessing = 0;
		};
/* End PBXSourcesBuildPhase section */

/* Begin PBXVariantGroup section */
		3A9D773A23E51E1F0073FB69 /* Main.storyboard */ = {
			isa = PBXVariantGroup;
			children = (
				3A9D773B23E51E1F0073FB69 /* Base */,
			);
			name = Main.storyboard;
			sourceTree = "<group>";
		};
		3A9D773F23E51E260073FB69 /* LaunchScreen.storyboard */ = {
			isa = PBXVariantGroup;
			children = (
				3A9D774023E51E260073FB69 /* Base */,
			);
			name = LaunchScreen.storyboard;
			sourceTree = "<group>";
		};
/* End PBXVariantGroup section */

/* Begin XCBuildConfiguration section */
		3A9D774323E51E260073FB69 /* Debug */ = {
			isa = XCBuildConfiguration;
			buildSettings = {
				ALWAYS_SEARCH_USER_PATHS = NO;
				CLANG_ANALYZER_NONNULL = YES;
				CLANG_ANALYZER_NUMBER_OBJECT_CONVERSION = YES_AGGRESSIVE;
				CLANG_CXX_LANGUAGE_STANDARD = "gnu++14";
				CLANG_CXX_LIBRARY = "libc++";
				CLANG_ENABLE_MODULES = YES;
				CLANG_ENABLE_OBJC_ARC = YES;
				CLANG_ENABLE_OBJC_WEAK = YES;
				CLANG_WARN_BLOCK_CAPTURE_AUTORELEASING = YES;
				CLANG_WARN_BOOL_CONVERSION = YES;
				CLANG_WARN_COMMA = YES;
				CLANG_WARN_CONSTANT_CONVERSION = YES;
				CLANG_WARN_DEPRECATED_OBJC_IMPLEMENTATIONS = YES;
				CLANG_WARN_DIRECT_OBJC_ISA_USAGE = YES_ERROR;
				CLANG_WARN_DOCUMENTATION_COMMENTS = YES;
				CLANG_WARN_EMPTY_BODY = YES;
				CLANG_WARN_ENUM_CONVERSION = YES;
				CLANG_WARN_INFINITE_RECURSION = YES;
				CLANG_WARN_INT_CONVERSION = YES;
				CLANG_WARN_NON_LITERAL_NULL_CONVERSION = YES;
				CLANG_WARN_OBJC_IMPLICIT_RETAIN_SELF = YES;
				CLANG_WARN_OBJC_LITERAL_CONVERSION = YES;
				CLANG_WARN_OBJC_ROOT_CLASS = YES_ERROR;
				CLANG_WARN_RANGE_LOOP_ANALYSIS = YES;
				CLANG_WARN_STRICT_PROTOTYPES = YES;
				CLANG_WARN_SUSPICIOUS_MOVE = YES;
				CLANG_WARN_UNGUARDED_AVAILABILITY = YES_AGGRESSIVE;
				CLANG_WARN_UNREACHABLE_CODE = YES;
				CLANG_WARN__DUPLICATE_METHOD_MATCH = YES;
				COPY_PHASE_STRIP = NO;
				DEBUG_INFORMATION_FORMAT = dwarf;
				ENABLE_STRICT_OBJC_MSGSEND = YES;
				ENABLE_TESTABILITY = YES;
				GCC_C_LANGUAGE_STANDARD = gnu11;
				GCC_DYNAMIC_NO_PIC = NO;
				GCC_NO_COMMON_BLOCKS = YES;
				GCC_OPTIMIZATION_LEVEL = 0;
				GCC_PREPROCESSOR_DEFINITIONS = (
					"DEBUG=1",
					"$(inherited)",
				);
				GCC_WARN_64_TO_32_BIT_CONVERSION = YES;
				GCC_WARN_ABOUT_RETURN_TYPE = YES_ERROR;
				GCC_WARN_UNDECLARED_SELECTOR = YES;
				GCC_WARN_UNINITIALIZED_AUTOS = YES_AGGRESSIVE;
				GCC_WARN_UNUSED_FUNCTION = YES;
				GCC_WARN_UNUSED_VARIABLE = YES;
				IPHONEOS_DEPLOYMENT_TARGET = 13.2;
				MTL_ENABLE_DEBUG_INFO = INCLUDE_SOURCE;
				MTL_FAST_MATH = YES;
				ONLY_ACTIVE_ARCH = YES;
				SDKROOT = iphoneos;
				SWIFT_ACTIVE_COMPILATION_CONDITIONS = DEBUG;
				SWIFT_OPTIMIZATION_LEVEL = "-Onone";
			};
			name = Debug;
		};
		3A9D774423E51E260073FB69 /* Release */ = {
			isa = XCBuildConfiguration;
			buildSettings = {
				ALWAYS_SEARCH_USER_PATHS = NO;
				CLANG_ANALYZER_NONNULL = YES;
				CLANG_ANALYZER_NUMBER_OBJECT_CONVERSION = YES_AGGRESSIVE;
				CLANG_CXX_LANGUAGE_STANDARD = "gnu++14";
				CLANG_CXX_LIBRARY = "libc++";
				CLANG_ENABLE_MODULES = YES;
				CLANG_ENABLE_OBJC_ARC = YES;
				CLANG_ENABLE_OBJC_WEAK = YES;
				CLANG_WARN_BLOCK_CAPTURE_AUTORELEASING = YES;
				CLANG_WARN_BOOL_CONVERSION = YES;
				CLANG_WARN_COMMA = YES;
				CLANG_WARN_CONSTANT_CONVERSION = YES;
				CLANG_WARN_DEPRECATED_OBJC_IMPLEMENTATIONS = YES;
				CLANG_WARN_DIRECT_OBJC_ISA_USAGE = YES_ERROR;
				CLANG_WARN_DOCUMENTATION_COMMENTS = YES;
				CLANG_WARN_EMPTY_BODY = YES;
				CLANG_WARN_ENUM_CONVERSION = YES;
				CLANG_WARN_INFINITE_RECURSION = YES;
				CLANG_WARN_INT_CONVERSION = YES;
				CLANG_WARN_NON_LITERAL_NULL_CONVERSION = YES;
				CLANG_WARN_OBJC_IMPLICIT_RETAIN_SELF = YES;
				CLANG_WARN_OBJC_LITERAL_CONVERSION = YES;
				CLANG_WARN_OBJC_ROOT_CLASS = YES_ERROR;
				CLANG_WARN_RANGE_LOOP_ANALYSIS = YES;
				CLANG_WARN_STRICT_PROTOTYPES = YES;
				CLANG_WARN_SUSPICIOUS_MOVE = YES;
				CLANG_WARN_UNGUARDED_AVAILABILITY = YES_AGGRESSIVE;
				CLANG_WARN_UNREACHABLE_CODE = YES;
				CLANG_WARN__DUPLICATE_METHOD_MATCH = YES;
				COPY_PHASE_STRIP = NO;
				DEBUG_INFORMATION_FORMAT = "dwarf-with-dsym";
				ENABLE_NS_ASSERTIONS = NO;
				ENABLE_STRICT_OBJC_MSGSEND = YES;
				GCC_C_LANGUAGE_STANDARD = gnu11;
				GCC_NO_COMMON_BLOCKS = YES;
				GCC_WARN_64_TO_32_BIT_CONVERSION = YES;
				GCC_WARN_ABOUT_RETURN_TYPE = YES_ERROR;
				GCC_WARN_UNDECLARED_SELECTOR = YES;
				GCC_WARN_UNINITIALIZED_AUTOS = YES_AGGRESSIVE;
				GCC_WARN_UNUSED_FUNCTION = YES;
				GCC_WARN_UNUSED_VARIABLE = YES;
				IPHONEOS_DEPLOYMENT_TARGET = 13.2;
				MTL_ENABLE_DEBUG_INFO = NO;
				MTL_FAST_MATH = YES;
				SDKROOT = iphoneos;
				SWIFT_COMPILATION_MODE = wholemodule;
				SWIFT_OPTIMIZATION_LEVEL = "-O";
				VALIDATE_PRODUCT = YES;
			};
			name = Release;
		};
		3A9D774623E51E260073FB69 /* Debug */ = {
			isa = XCBuildConfiguration;
			baseConfigurationReference = 12E87C71AE9053663A9C0D8E /* Pods-CatchUpContents.debug.xcconfig */;
			buildSettings = {
				ASSETCATALOG_COMPILER_APPICON_NAME = AppIcon;
				CODE_SIGN_STYLE = Automatic;
				DEVELOPMENT_TEAM = 2C3T8C23P9;
				INFOPLIST_FILE = CatchUpContents/Info.plist;
				LD_RUNPATH_SEARCH_PATHS = (
					"$(inherited)",
					"@executable_path/Frameworks",
				);
				PRODUCT_BUNDLE_IDENTIFIER = kiyoshi.CatchUpContents;
				PRODUCT_NAME = "$(TARGET_NAME)";
				SWIFT_VERSION = 5.0;
				TARGETED_DEVICE_FAMILY = 1;
			};
			name = Debug;
		};
		3A9D774723E51E260073FB69 /* Release */ = {
			isa = XCBuildConfiguration;
			baseConfigurationReference = 6639225C81B3225A7C52D302 /* Pods-CatchUpContents.release.xcconfig */;
			buildSettings = {
				ASSETCATALOG_COMPILER_APPICON_NAME = AppIcon;
				CODE_SIGN_STYLE = Automatic;
				DEVELOPMENT_TEAM = 2C3T8C23P9;
				INFOPLIST_FILE = CatchUpContents/Info.plist;
				LD_RUNPATH_SEARCH_PATHS = (
					"$(inherited)",
					"@executable_path/Frameworks",
				);
				PRODUCT_BUNDLE_IDENTIFIER = kiyoshi.CatchUpContents;
				PRODUCT_NAME = "$(TARGET_NAME)";
				SWIFT_VERSION = 5.0;
				TARGETED_DEVICE_FAMILY = 1;
			};
			name = Release;
		};
/* End XCBuildConfiguration section */

/* Begin XCConfigurationList section */
		3A9D772C23E51E1E0073FB69 /* Build configuration list for PBXProject "CatchUpContents" */ = {
			isa = XCConfigurationList;
			buildConfigurations = (
				3A9D774323E51E260073FB69 /* Debug */,
				3A9D774423E51E260073FB69 /* Release */,
			);
			defaultConfigurationIsVisible = 0;
			defaultConfigurationName = Release;
		};
		3A9D774523E51E260073FB69 /* Build configuration list for PBXNativeTarget "CatchUpContents" */ = {
			isa = XCConfigurationList;
			buildConfigurations = (
				3A9D774623E51E260073FB69 /* Debug */,
				3A9D774723E51E260073FB69 /* Release */,
			);
			defaultConfigurationIsVisible = 0;
			defaultConfigurationName = Release;
		};
/* End XCConfigurationList section */
	};
	rootObject = 3A9D772923E51E1E0073FB69 /* Project object */;
}
