// !$*UTF8*$!
{
	archiveVersion = 1;
	classes = {
	};
	objectVersion = 50;
	objects = {

/* Begin PBXBuildFile section */
		3A9D773523E51E1F0073FB69 /* AppDelegate.swift in Sources */ = {isa = PBXBuildFile; fileRef = 3A9D773423E51E1F0073FB69 /* AppDelegate.swift */; };
		3A9D773723E51E1F0073FB69 /* SceneDelegate.swift in Sources */ = {isa = PBXBuildFile; fileRef = 3A9D773623E51E1F0073FB69 /* SceneDelegate.swift */; };
		3A9D773923E51E1F0073FB69 /* ViewController.swift in Sources */ = {isa = PBXBuildFile; fileRef = 3A9D773823E51E1F0073FB69 /* ViewController.swift */; };
		3A9D773C23E51E1F0073FB69 /* Main.storyboard in Resources */ = {isa = PBXBuildFile; fileRef = 3A9D773A23E51E1F0073FB69 /* Main.storyboard */; };
		3A9D773E23E51E260073FB69 /* Assets.xcassets in Resources */ = {isa = PBXBuildFile; fileRef = 3A9D773D23E51E260073FB69 /* Assets.xcassets */; };
		3A9D774123E51E260073FB69 /* LaunchScreen.storyboard in Resources */ = {isa = PBXBuildFile; fileRef = 3A9D773F23E51E260073FB69 /* LaunchScreen.storyboard */; };
/* End PBXBuildFile section */

/* Begin PBXFileReference section */
		3A9D773123E51E1F0073FB69 /* CatchUpContents.app */ = {isa = PBXFileReference; explicitFileType = wrapper.application; includeInIndex = 0; path = CatchUpContents.app; sourceTree = BUILT_PRODUCTS_DIR; };
		3A9D773423E51E1F0073FB69 /* AppDelegate.swift */ = {isa = PBXFileReference; lastKnownFileType = sourcecode.swift; path = AppDelegate.swift; sourceTree = "<group>"; };
		3A9D773623E51E1F0073FB69 /* SceneDelegate.swift */ = {isa = PBXFileReference; lastKnownFileType = sourcecode.swift; path = SceneDelegate.swift; sourceTree = "<group>"; };
		3A9D773823E51E1F0073FB69 /* ViewController.swift */ = {isa = PBXFileReference; lastKnownFileType = sourcecode.swift; path = ViewController.swift; sourceTree = "<group>"; };
		3A9D773B23E51E1F0073FB69 /* Base */ = {isa = PBXFileReference; lastKnownFileType = file.storyboard; name = Base; path = Base.lproj/Main.storyboard; sourceTree = "<group>"; };
		3A9D773D23E51E260073FB69 /* Assets.xcassets */ = {isa = PBXFileReference; lastKnownFileType = folder.assetcatalog; path = Assets.xcassets; sourceTree = "<group>"; };
		3A9D774023E51E260073FB69 /* Base */ = {isa = PBXFileReference; lastKnownFileType = file.storyboard; name = Base; path = Base.lproj/LaunchScreen.storyboard; sourceTree = "<group>"; };
		3A9D774223E51E260073FB69 /* Info.plist */ = {isa = PBXFileReference; lastKnownFileType = text.plist.xml; path = Info.plist; sourceTree = "<group>"; };
/* End PBXFileReference section */

/* Begin PBXFrameworksBuildPhase section */
		3A9D772E23E51E1F0073FB69 /* Frameworks */ = {
			isa = PBXFrameworksBuildPhase;
			buildActionMask = 2147483647;
			files = (
			);
			runOnlyForDeploymentPostprocessing = 0;
		};
/* End PBXFrameworksBuildPhase section */

/* Begin PBXGroup section */
		3A9D772823E51E1E0073FB69 = {
			isa = PBXGroup;
			children = (
				3A9D773323E51E1F0073FB69 /* CatchUpContents */,
				3A9D773223E51E1F0073FB69 /* Products */,
			);
			sourceTree = "<group>";
		};
		3A9D773223E51E1F0073FB69 /* Products */ = {
			isa = PBXGroup;
			children = (
				3A9D773123E51E1F0073FB69 /* CatchUpContents.app */,
			);
			name = Products;
			sourceTree = "<group>";
		};
		3A9D773323E51E1F0073FB69 /* CatchUpContents */ = {
			isa = PBXGroup;
			children = (
				3A9D773423E51E1F0073FB69 /* AppDelegate.swift */,
				3A9D773623E51E1F0073FB69 /* SceneDelegate.swift */,
				3A9D773823E51E1F0073FB69 /* ViewController.swift */,
				3A9D773A23E51E1F0073FB69 /* Main.storyboard */,
				3A9D773D23E51E260073FB69 /* Assets.xcassets */,
				3A9D773F23E51E260073FB69 /* LaunchScreen.storyboard */,
				3A9D774223E51E260073FB69 /* Info.plist */,
			);
			path = CatchUpContents;
			sourceTree = "<group>";
		};
/* End PBXGroup section */

/* Begin PBXNativeTarget section */
		3A9D773023E51E1F0073FB69 /* CatchUpContents */ = {
			isa = PBXNativeTarget;
			buildConfigurationList = 3A9D774523E51E260073FB69 /* Build configuration list for PBXNativeTarget "CatchUpContents" */;
			buildPhases = (
				3A9D772D23E51E1F0073FB69 /* Sources */,
				3A9D772E23E51E1F0073FB69 /* Frameworks */,
				3A9D772F23E51E1F0073FB69 /* Resources */,
			);
			buildRules = (
			);
			dependencies = (
			);
			name = CatchUpContents;
			productName = CatchUpContents;
			productReference = 3A9D773123E51E1F0073FB69 /* CatchUpContents.app */;
			productType = "com.apple.product-type.application";
		};
/* End PBXNativeTarget section */

/* Begin PBXProject section */
		3A9D772923E51E1E0073FB69 /* Project object */ = {
			isa = PBXProject;
			attributes = {
				LastSwiftUpdateCheck = 1130;
				LastUpgradeCheck = 1130;
				ORGANIZATIONNAME = "山崎喜代志";
				TargetAttributes = {
					3A9D773023E51E1F0073FB69 = {
						CreatedOnToolsVersion = 11.3;
					};
				};
			};
			buildConfigurationList = 3A9D772C23E51E1E0073FB69 /* Build configuration list for PBXProject "CatchUpContents" */;
			compatibilityVersion = "Xcode 9.3";
			developmentRegion = en;
			hasScannedForEncodings = 0;
			knownRegions = (
				en,
				Base,
			);
			mainGroup = 3A9D772823E51E1E0073FB69;
			productRefGroup = 3A9D773223E51E1F0073FB69 /* Products */;
			projectDirPath = "";
			projectRoot = "";
			targets = (
				3A9D773023E51E1F0073FB69 /* CatchUpContents */,
			);
		};
/* End PBXProject section */

/* Begin PBXResourcesBuildPhase section */
		3A9D772F23E51E1F0073FB69 /* Resources */ = {
			isa = PBXResourcesBuildPhase;
			buildActionMask = 2147483647;
			files = (
				3A9D774123E51E260073FB69 /* LaunchScreen.storyboard in Resources */,
				3A9D773E23E51E260073FB69 /* Assets.xcassets in Resources */,
				3A9D773C23E51E1F0073FB69 /* Main.storyboard in Resources */,
			);
			runOnlyForDeploymentPostprocessing = 0;
		};
/* End PBXResourcesBuildPhase section */

/* Begin PBXSourcesBuildPhase section */
		3A9D772D23E51E1F0073FB69 /* Sources */ = {
			isa = PBXSourcesBuildPhase;
			buildActionMask = 2147483647;
			files = (
				3A9D773923E51E1F0073FB69 /* ViewController.swift in Sources */,
				3A9D773523E51E1F0073FB69 /* AppDelegate.swift in Sources */,
				3A9D773723E51E1F0073FB69 /* SceneDelegate.swift in Sources */,
			);
			runOnlyForDeploymentPostprocessing = 0;
		};
/* End PBXSourcesBuildPhase section */

/* Begin PBXVariantGroup section */
		3A9D773A23E51E1F0073FB69 /* Main.storyboard */ = {
			isa = PBXVariantGroup;
			children = (
				3A9D773B23E51E1F0073FB69 /* Base */,
			);
			name = Main.storyboard;
			sourceTree = "<group>";
		};
		3A9D773F23E51E260073FB69 /* LaunchScreen.storyboard */ = {
			isa = PBXVariantGroup;
			children = (
				3A9D774023E51E260073FB69 /* Base */,
			);
			name = LaunchScreen.storyboard;
			sourceTree = "<group>";
		};
/* End PBXVariantGroup section */

/* Begin XCBuildConfiguration section */
		3A9D774323E51E260073FB69 /* Debug */ = {
			isa = XCBuildConfiguration;
			buildSettings = {
				ALWAYS_SEARCH_USER_PATHS = NO;
				CLANG_ANALYZER_NONNULL = YES;
				CLANG_ANALYZER_NUMBER_OBJECT_CONVERSION = YES_AGGRESSIVE;
				CLANG_CXX_LANGUAGE_STANDARD = "gnu++14";
				CLANG_CXX_LIBRARY = "libc++";
				CLANG_ENABLE_MODULES = YES;
				CLANG_ENABLE_OBJC_ARC = YES;
				CLANG_ENABLE_OBJC_WEAK = YES;
				CLANG_WARN_BLOCK_CAPTURE_AUTORELEASING = YES;
				CLANG_WARN_BOOL_CONVERSION = YES;
				CLANG_WARN_COMMA = YES;
				CLANG_WARN_CONSTANT_CONVERSION = YES;
				CLANG_WARN_DEPRECATED_OBJC_IMPLEMENTATIONS = YES;
				CLANG_WARN_DIRECT_OBJC_ISA_USAGE = YES_ERROR;
				CLANG_WARN_DOCUMENTATION_COMMENTS = YES;
				CLANG_WARN_EMPTY_BODY = YES;
				CLANG_WARN_ENUM_CONVERSION = YES;
				CLANG_WARN_INFINITE_RECURSION = YES;
				CLANG_WARN_INT_CONVERSION = YES;
				CLANG_WARN_NON_LITERAL_NULL_CONVERSION = YES;
				CLANG_WARN_OBJC_IMPLICIT_RETAIN_SELF = YES;
				CLANG_WARN_OBJC_LITERAL_CONVERSION = YES;
				CLANG_WARN_OBJC_ROOT_CLASS = YES_ERROR;
				CLANG_WARN_RANGE_LOOP_ANALYSIS = YES;
				CLANG_WARN_STRICT_PROTOTYPES = YES;
				CLANG_WARN_SUSPICIOUS_MOVE = YES;
				CLANG_WARN_UNGUARDED_AVAILABILITY = YES_AGGRESSIVE;
				CLANG_WARN_UNREACHABLE_CODE = YES;
				CLANG_WARN__DUPLICATE_METHOD_MATCH = YES;
				COPY_PHASE_STRIP = NO;
				DEBUG_INFORMATION_FORMAT = dwarf;
				ENABLE_STRICT_OBJC_MSGSEND = YES;
				ENABLE_TESTABILITY = YES;
				GCC_C_LANGUAGE_STANDARD = gnu11;
				GCC_DYNAMIC_NO_PIC = NO;
				GCC_NO_COMMON_BLOCKS = YES;
				GCC_OPTIMIZATION_LEVEL = 0;
				GCC_PREPROCESSOR_DEFINITIONS = (
					"DEBUG=1",
					"$(inherited)",
				);
				GCC_WARN_64_TO_32_BIT_CONVERSION = YES;
				GCC_WARN_ABOUT_RETURN_TYPE = YES_ERROR;
				GCC_WARN_UNDECLARED_SELECTOR = YES;
				GCC_WARN_UNINITIALIZED_AUTOS = YES_AGGRESSIVE;
				GCC_WARN_UNUSED_FUNCTION = YES;
				GCC_WARN_UNUSED_VARIABLE = YES;
				IPHONEOS_DEPLOYMENT_TARGET = 13.2;
				MTL_ENABLE_DEBUG_INFO = INCLUDE_SOURCE;
				MTL_FAST_MATH = YES;
				ONLY_ACTIVE_ARCH = YES;
				SDKROOT = iphoneos;
				SWIFT_ACTIVE_COMPILATION_CONDITIONS = DEBUG;
				SWIFT_OPTIMIZATION_LEVEL = "-Onone";
			};
			name = Debug;
		};
		3A9D774423E51E260073FB69 /* Release */ = {
			isa = XCBuildConfiguration;
			buildSettings = {
				ALWAYS_SEARCH_USER_PATHS = NO;
				CLANG_ANALYZER_NONNULL = YES;
				CLANG_ANALYZER_NUMBER_OBJECT_CONVERSION = YES_AGGRESSIVE;
				CLANG_CXX_LANGUAGE_STANDARD = "gnu++14";
				CLANG_CXX_LIBRARY = "libc++";
				CLANG_ENABLE_MODULES = YES;
				CLANG_ENABLE_OBJC_ARC = YES;
				CLANG_ENABLE_OBJC_WEAK = YES;
				CLANG_WARN_BLOCK_CAPTURE_AUTORELEASING = YES;
				CLANG_WARN_BOOL_CONVERSION = YES;
				CLANG_WARN_COMMA = YES;
				CLANG_WARN_CONSTANT_CONVERSION = YES;
				CLANG_WARN_DEPRECATED_OBJC_IMPLEMENTATIONS = YES;
				CLANG_WARN_DIRECT_OBJC_ISA_USAGE = YES_ERROR;
				CLANG_WARN_DOCUMENTATION_COMMENTS = YES;
				CLANG_WARN_EMPTY_BODY = YES;
				CLANG_WARN_ENUM_CONVERSION = YES;
				CLANG_WARN_INFINITE_RECURSION = YES;
				CLANG_WARN_INT_CONVERSION = YES;
				CLANG_WARN_NON_LITERAL_NULL_CONVERSION = YES;
				CLANG_WARN_OBJC_IMPLICIT_RETAIN_SELF = YES;
				CLANG_WARN_OBJC_LITERAL_CONVERSION = YES;
				CLANG_WARN_OBJC_ROOT_CLASS = YES_ERROR;
				CLANG_WARN_RANGE_LOOP_ANALYSIS = YES;
				CLANG_WARN_STRICT_PROTOTYPES = YES;
				CLANG_WARN_SUSPICIOUS_MOVE = YES;
				CLANG_WARN_UNGUARDED_AVAILABILITY = YES_AGGRESSIVE;
				CLANG_WARN_UNREACHABLE_CODE = YES;
				CLANG_WARN__DUPLICATE_METHOD_MATCH = YES;
				COPY_PHASE_STRIP = NO;
				DEBUG_INFORMATION_FORMAT = "dwarf-with-dsym";
				ENABLE_NS_ASSERTIONS = NO;
				ENABLE_STRICT_OBJC_MSGSEND = YES;
				GCC_C_LANGUAGE_STANDARD = gnu11;
				GCC_NO_COMMON_BLOCKS = YES;
				GCC_WARN_64_TO_32_BIT_CONVERSION = YES;
				GCC_WARN_ABOUT_RETURN_TYPE = YES_ERROR;
				GCC_WARN_UNDECLARED_SELECTOR = YES;
				GCC_WARN_UNINITIALIZED_AUTOS = YES_AGGRESSIVE;
				GCC_WARN_UNUSED_FUNCTION = YES;
				GCC_WARN_UNUSED_VARIABLE = YES;
				IPHONEOS_DEPLOYMENT_TARGET = 13.2;
				MTL_ENABLE_DEBUG_INFO = NO;
				MTL_FAST_MATH = YES;
				SDKROOT = iphoneos;
				SWIFT_COMPILATION_MODE = wholemodule;
				SWIFT_OPTIMIZATION_LEVEL = "-O";
				VALIDATE_PRODUCT = YES;
			};
			name = Release;
		};
		3A9D774623E51E260073FB69 /* Debug */ = {
			isa = XCBuildConfiguration;
			buildSettings = {
				ASSETCATALOG_COMPILER_APPICON_NAME = AppIcon;
				CODE_SIGN_STYLE = Automatic;
				DEVELOPMENT_TEAM = 2C3T8C23P9;
				INFOPLIST_FILE = CatchUpContents/Info.plist;
				LD_RUNPATH_SEARCH_PATHS = (
					"$(inherited)",
					"@executable_path/Frameworks",
				);
				PRODUCT_BUNDLE_IDENTIFIER = kiyoshi.CatchUpContents;
				PRODUCT_NAME = "$(TARGET_NAME)";
				SWIFT_VERSION = 5.0;
				TARGETED_DEVICE_FAMILY = "1,2";
			};
			name = Debug;
		};
		3A9D774723E51E260073FB69 /* Release */ = {
			isa = XCBuildConfiguration;
			buildSettings = {
				ASSETCATALOG_COMPILER_APPICON_NAME = AppIcon;
				CODE_SIGN_STYLE = Automatic;
				DEVELOPMENT_TEAM = 2C3T8C23P9;
				INFOPLIST_FILE = CatchUpContents/Info.plist;
				LD_RUNPATH_SEARCH_PATHS = (
					"$(inherited)",
					"@executable_path/Frameworks",
				);
				PRODUCT_BUNDLE_IDENTIFIER = kiyoshi.CatchUpContents;
				PRODUCT_NAME = "$(TARGET_NAME)";
				SWIFT_VERSION = 5.0;
				TARGETED_DEVICE_FAMILY = "1,2";
			};
			name = Release;
		};
/* End XCBuildConfiguration section */

/* Begin XCConfigurationList section */
		3A9D772C23E51E1E0073FB69 /* Build configuration list for PBXProject "CatchUpContents" */ = {
			isa = XCConfigurationList;
			buildConfigurations = (
				3A9D774323E51E260073FB69 /* Debug */,
				3A9D774423E51E260073FB69 /* Release */,
			);
			defaultConfigurationIsVisible = 0;
			defaultConfigurationName = Release;
		};
		3A9D774523E51E260073FB69 /* Build configuration list for PBXNativeTarget "CatchUpContents" */ = {
			isa = XCConfigurationList;
			buildConfigurations = (
				3A9D774623E51E260073FB69 /* Debug */,
				3A9D774723E51E260073FB69 /* Release */,
			);
			defaultConfigurationIsVisible = 0;
			defaultConfigurationName = Release;
		};
/* End XCConfigurationList section */
	};
	rootObject = 3A9D772923E51E1E0073FB69 /* Project object */;
}
